{"filter":false,"title":"Gemfile.lock","tooltip":"/Gemfile.lock","undoManager":{"mark":-1,"position":-1,"stack":[]},"ace":{"folds":[],"scrolltop":1647.5,"scrollleft":0,"selection":{"start":{"row":145,"column":26},"end":{"row":145,"column":26},"isBackwards":false},"options":{"guessTabSize":true,"useWrapMode":false,"wrapToView":true},"firstLineState":{"row":125,"state":"start","mode":"ace/mode/text"}},"timestamp":1511146201643,"hash":"e971394fb1ded45be4691dbbb191b467df76fd98"}